
Microsoft Visual Studio Solution File, Format Version 12.00
# Visual Studio Version 17
VisualStudioVersion = 17.0.31512.422
MinimumVisualStudioVersion = 10.0.40219.1
Project("{2150E333-8FDC-42A3-9474-1A3956D46DE8}") = "src", "src", "{35A4C90F-6B21-47A2-A658-E40843460798}"
EndProject
Project("{2150E333-8FDC-42A3-9474-1A3956D46DE8}") = "tests", "tests", "{8970D2A5-7F9B-4F3D-94B3-E7796112E66D}"
EndProject
Project("{9A19103F-16F7-4668-BE54-9A1E7A4F7556}") = "WebUI", "src\WebUI\WebUI.csproj", "{9BE99227-1A3D-40B6-980E-FFE20174A9BE}"
EndProject
Project("{9A19103F-16F7-4668-BE54-9A1E7A4F7556}") = "Domain", "src\Domain\Domain.csproj", "{3DCF358D-A5F9-4881-8A2D-18D0E4733C8B}"
EndProject
Project("{9A19103F-16F7-4668-BE54-9A1E7A4F7556}") = "Infrastructure", "src\Infrastructure\Infrastructure.csproj", "{7EC8B6FF-0BE3-43ED-B478-76AA17AE5281}"
EndProject
Project("{9A19103F-16F7-4668-BE54-9A1E7A4F7556}") = "Application", "src\Application\Application.csproj", "{8964BB3C-3747-4D42-8FF9-5BED40FCE904}"
EndProject
Project("{9A19103F-16F7-4668-BE54-9A1E7A4F7556}") = "UnitTests", "tests\UnitTests\UnitTests.csproj", "{5161FCA0-30B1-482F-8A6D-3D5828ECF5BE}"
EndProject
Global
	GlobalSection(SolutionConfigurationPlatforms) = preSolution
		Debug|Any CPU = Debug|Any CPU
		Release|Any CPU = Release|Any CPU
	EndGlobalSection
	GlobalSection(ProjectConfigurationPlatforms) = postSolution
		{9BE99227-1A3D-40B6-980E-FFE20174A9BE}.Debug|Any CPU.ActiveCfg = Debug|Any CPU
		{9BE99227-1A3D-40B6-980E-FFE20174A9BE}.Debug|Any CPU.Build.0 = Debug|Any CPU
		{9BE99227-1A3D-40B6-980E-FFE20174A9BE}.Release|Any CPU.ActiveCfg = Release|Any CPU
		{9BE99227-1A3D-40B6-980E-FFE20174A9BE}.Release|Any CPU.Build.0 = Release|Any CPU
		{3DCF358D-A5F9-4881-8A2D-18D0E4733C8B}.Debug|Any CPU.ActiveCfg = Debug|Any CPU
		{3DCF358D-A5F9-4881-8A2D-18D0E4733C8B}.Debug|Any CPU.Build.0 = Debug|Any CPU
		{3DCF358D-A5F9-4881-8A2D-18D0E4733C8B}.Release|Any CPU.ActiveCfg = Release|Any CPU
		{3DCF358D-A5F9-4881-8A2D-18D0E4733C8B}.Release|Any CPU.Build.0 = Release|Any CPU
		{7EC8B6FF-0BE3-43ED-B478-76AA17AE5281}.Debug|Any CPU.ActiveCfg = Debug|Any CPU
		{7EC8B6FF-0BE3-43ED-B478-76AA17AE5281}.Debug|Any CPU.Build.0 = Debug|Any CPU
		{7EC8B6FF-0BE3-43ED-B478-76AA17AE5281}.Release|Any CPU.ActiveCfg = Release|Any CPU
		{7EC8B6FF-0BE3-43ED-B478-76AA17AE5281}.Release|Any CPU.Build.0 = Release|Any CPU
		{8964BB3C-3747-4D42-8FF9-5BED40FCE904}.Debug|Any CPU.ActiveCfg = Debug|Any CPU
		{8964BB3C-3747-4D42-8FF9-5BED40FCE904}.Debug|Any CPU.Build.0 = Debug|Any CPU
		{8964BB3C-3747-4D42-8FF9-5BED40FCE904}.Release|Any CPU.ActiveCfg = Release|Any CPU
		{8964BB3C-3747-4D42-8FF9-5BED40FCE904}.Release|Any CPU.Build.0 = Release|Any CPU
		{5161FCA0-30B1-482F-8A6D-3D5828ECF5BE}.Debug|Any CPU.ActiveCfg = Debug|Any CPU
		{5161FCA0-30B1-482F-8A6D-3D5828ECF5BE}.Debug|Any CPU.Build.0 = Debug|Any CPU
		{5161FCA0-30B1-482F-8A6D-3D5828ECF5BE}.Release|Any CPU.ActiveCfg = Release|Any CPU
		{5161FCA0-30B1-482F-8A6D-3D5828ECF5BE}.Release|Any CPU.Build.0 = Release|Any CPU
	EndGlobalSection
	GlobalSection(SolutionProperties) = preSolution
		HideSolutionNode = FALSE
	EndGlobalSection
	GlobalSection(NestedProjects) = preSolution
		{9BE99227-1A3D-40B6-980E-FFE20174A9BE} = {35A4C90F-6B21-47A2-A658-E40843460798}
		{3DCF358D-A5F9-4881-8A2D-18D0E4733C8B} = {35A4C90F-6B21-47A2-A658-E40843460798}
		{7EC8B6FF-0BE3-43ED-B478-76AA17AE5281} = {35A4C90F-6B21-47A2-A658-E40843460798}
		{8964BB3C-3747-4D42-8FF9-5BED40FCE904} = {35A4C90F-6B21-47A2-A658-E40843460798}
		{5161FCA0-30B1-482F-8A6D-3D5828ECF5BE} = {8970D2A5-7F9B-4F3D-94B3-E7796112E66D}
	EndGlobalSection
	GlobalSection(ExtensibilityGlobals) = postSolution
		SolutionGuid = {B46475B1-A950-4033-A00A-C24A14314815}
	EndGlobalSection
EndGlobal
