
Microsoft Visual Studio Solution File, Format Version 12.00
# Visual Studio Version 17
VisualStudioVersion = 17.0.31512.422
MinimumVisualStudioVersion = 10.0.40219.1
Project("{9A19103F-16F7-4668-BE54-9A1E7A4F7556}") = "Shop", "Shop\Shop.csproj", "{9BE99227-1A3D-40B6-980E-FFE20174A9BE}"
EndProject
Project("{FAE04EC0-301F-11D3-BF4B-00C04F79EFBC}") = "Shop.Tests.Unit", "Shop.Tests.Unit\Shop.Tests.Unit.csproj", "{097D713F-DA4E-4D78-9911-E7630D44F9FC}"
EndProject
Global
	GlobalSection(SolutionConfigurationPlatforms) = preSolution
		Debug|Any CPU = Debug|Any CPU
		Release|Any CPU = Release|Any CPU
	EndGlobalSection
	GlobalSection(ProjectConfigurationPlatforms) = postSolution
		{9BE99227-1A3D-40B6-980E-FFE20174A9BE}.Debug|Any CPU.ActiveCfg = Debug|Any CPU
		{9BE99227-1A3D-40B6-980E-FFE20174A9BE}.Debug|Any CPU.Build.0 = Debug|Any CPU
		{9BE99227-1A3D-40B6-980E-FFE20174A9BE}.Release|Any CPU.ActiveCfg = Release|Any CPU
		{9BE99227-1A3D-40B6-980E-FFE20174A9BE}.Release|Any CPU.Build.0 = Release|Any CPU
		{097D713F-DA4E-4D78-9911-E7630D44F9FC}.Debug|Any CPU.ActiveCfg = Debug|Any CPU
		{097D713F-DA4E-4D78-9911-E7630D44F9FC}.Debug|Any CPU.Build.0 = Debug|Any CPU
		{097D713F-DA4E-4D78-9911-E7630D44F9FC}.Release|Any CPU.ActiveCfg = Release|Any CPU
		{097D713F-DA4E-4D78-9911-E7630D44F9FC}.Release|Any CPU.Build.0 = Release|Any CPU
	EndGlobalSection
	GlobalSection(SolutionProperties) = preSolution
		HideSolutionNode = FALSE
	EndGlobalSection
	GlobalSection(ExtensibilityGlobals) = postSolution
		SolutionGuid = {B46475B1-A950-4033-A00A-C24A14314815}
	EndGlobalSection
EndGlobal
